
Microsoft Visual Studio Solution File, Format Version 12.00
# Visual Studio 15
VisualStudioVersion = 15.0.28307.136
MinimumVisualStudioVersion = 10.0.40219.1
Project("{9A19103F-16F7-4668-BE54-9A1E7A4F7556}") = "P7.GraphQLCore", "P7.GraphQLCore\P7.GraphQLCore.csproj", "{F85D1E3C-4108-4BD2-9479-76B6F5EB0AE8}"
EndProject
Project("{9A19103F-16F7-4668-BE54-9A1E7A4F7556}") = "GraphQLCoreController", "GraphQLCoreController\GraphQLCoreController.csproj", "{F6B496E1-1BD8-4B93-9A7B-E942D51FB31C}"
EndProject
Project("{9A19103F-16F7-4668-BE54-9A1E7A4F7556}") = "TheApp", "TheApp\TheApp.csproj", "{D0A0FBF4-4F24-4052-ADB5-1214B024F2AA}"
EndProject
Project("{9A19103F-16F7-4668-BE54-9A1E7A4F7556}") = "MultiAuthority.AccessTokenValidation", "MultiAuthority.AccessTokenValidation\MultiAuthority.AccessTokenValidation.csproj", "{AA3A7792-F9DE-4FC6-8772-A6F532DFE025}"
EndProject
Project("{9A19103F-16F7-4668-BE54-9A1E7A4F7556}") = "IdentityModelExtras", "IdentityModelExtras\IdentityModelExtras.csproj", "{36CF6D4F-0814-4BA9-90B8-5EC743B9B7A1}"
EndProject
Project("{9A19103F-16F7-4668-BE54-9A1E7A4F7556}") = "CustomerLoyalyStore.GraphQL", "CustomerLoyalyStore.GraphQL\CustomerLoyalyStore.GraphQL.csproj", "{416B973A-E61A-48D5-A6B5-D9242FCCFAEB}"
EndProject
Project("{9A19103F-16F7-4668-BE54-9A1E7A4F7556}") = "CustomerLoyaltyStore", "CustomerLoyaltyStore\CustomerLoyaltyStore.csproj", "{CBA449A9-0844-4B0E-B6C4-1F1692ADF992}"
EndProject
Project("{9A19103F-16F7-4668-BE54-9A1E7A4F7556}") = "IdentityTokenExchange.GraphQL", "IdentityTokenExchange.GraphQL\IdentityTokenExchange.GraphQL.csproj", "{C6DD148A-C8BD-4342-B288-0620EE1B2AA1}"
EndProject
Project("{9A19103F-16F7-4668-BE54-9A1E7A4F7556}") = "Orders", "Orders\Orders.csproj", "{038C3A55-4B90-46B4-8617-68760BCE0C88}"
EndProject
Global
	GlobalSection(SolutionConfigurationPlatforms) = preSolution
		Debug|Any CPU = Debug|Any CPU
		Release|Any CPU = Release|Any CPU
	EndGlobalSection
	GlobalSection(ProjectConfigurationPlatforms) = postSolution
		{F85D1E3C-4108-4BD2-9479-76B6F5EB0AE8}.Debug|Any CPU.ActiveCfg = Debug|Any CPU
		{F85D1E3C-4108-4BD2-9479-76B6F5EB0AE8}.Debug|Any CPU.Build.0 = Debug|Any CPU
		{F85D1E3C-4108-4BD2-9479-76B6F5EB0AE8}.Release|Any CPU.ActiveCfg = Release|Any CPU
		{F85D1E3C-4108-4BD2-9479-76B6F5EB0AE8}.Release|Any CPU.Build.0 = Release|Any CPU
		{F6B496E1-1BD8-4B93-9A7B-E942D51FB31C}.Debug|Any CPU.ActiveCfg = Debug|Any CPU
		{F6B496E1-1BD8-4B93-9A7B-E942D51FB31C}.Debug|Any CPU.Build.0 = Debug|Any CPU
		{F6B496E1-1BD8-4B93-9A7B-E942D51FB31C}.Release|Any CPU.ActiveCfg = Release|Any CPU
		{F6B496E1-1BD8-4B93-9A7B-E942D51FB31C}.Release|Any CPU.Build.0 = Release|Any CPU
		{D0A0FBF4-4F24-4052-ADB5-1214B024F2AA}.Debug|Any CPU.ActiveCfg = Debug|Any CPU
		{D0A0FBF4-4F24-4052-ADB5-1214B024F2AA}.Debug|Any CPU.Build.0 = Debug|Any CPU
		{D0A0FBF4-4F24-4052-ADB5-1214B024F2AA}.Release|Any CPU.ActiveCfg = Release|Any CPU
		{D0A0FBF4-4F24-4052-ADB5-1214B024F2AA}.Release|Any CPU.Build.0 = Release|Any CPU
		{AA3A7792-F9DE-4FC6-8772-A6F532DFE025}.Debug|Any CPU.ActiveCfg = Debug|Any CPU
		{AA3A7792-F9DE-4FC6-8772-A6F532DFE025}.Debug|Any CPU.Build.0 = Debug|Any CPU
		{AA3A7792-F9DE-4FC6-8772-A6F532DFE025}.Release|Any CPU.ActiveCfg = Release|Any CPU
		{AA3A7792-F9DE-4FC6-8772-A6F532DFE025}.Release|Any CPU.Build.0 = Release|Any CPU
		{36CF6D4F-0814-4BA9-90B8-5EC743B9B7A1}.Debug|Any CPU.ActiveCfg = Debug|Any CPU
		{36CF6D4F-0814-4BA9-90B8-5EC743B9B7A1}.Debug|Any CPU.Build.0 = Debug|Any CPU
		{36CF6D4F-0814-4BA9-90B8-5EC743B9B7A1}.Release|Any CPU.ActiveCfg = Release|Any CPU
		{36CF6D4F-0814-4BA9-90B8-5EC743B9B7A1}.Release|Any CPU.Build.0 = Release|Any CPU
		{416B973A-E61A-48D5-A6B5-D9242FCCFAEB}.Debug|Any CPU.ActiveCfg = Debug|Any CPU
		{416B973A-E61A-48D5-A6B5-D9242FCCFAEB}.Debug|Any CPU.Build.0 = Debug|Any CPU
		{416B973A-E61A-48D5-A6B5-D9242FCCFAEB}.Release|Any CPU.ActiveCfg = Release|Any CPU
		{416B973A-E61A-48D5-A6B5-D9242FCCFAEB}.Release|Any CPU.Build.0 = Release|Any CPU
		{CBA449A9-0844-4B0E-B6C4-1F1692ADF992}.Debug|Any CPU.ActiveCfg = Debug|Any CPU
		{CBA449A9-0844-4B0E-B6C4-1F1692ADF992}.Debug|Any CPU.Build.0 = Debug|Any CPU
		{CBA449A9-0844-4B0E-B6C4-1F1692ADF992}.Release|Any CPU.ActiveCfg = Release|Any CPU
		{CBA449A9-0844-4B0E-B6C4-1F1692ADF992}.Release|Any CPU.Build.0 = Release|Any CPU
		{C6DD148A-C8BD-4342-B288-0620EE1B2AA1}.Debug|Any CPU.ActiveCfg = Debug|Any CPU
		{C6DD148A-C8BD-4342-B288-0620EE1B2AA1}.Debug|Any CPU.Build.0 = Debug|Any CPU
		{C6DD148A-C8BD-4342-B288-0620EE1B2AA1}.Release|Any CPU.ActiveCfg = Release|Any CPU
		{C6DD148A-C8BD-4342-B288-0620EE1B2AA1}.Release|Any CPU.Build.0 = Release|Any CPU
		{038C3A55-4B90-46B4-8617-68760BCE0C88}.Debug|Any CPU.ActiveCfg = Debug|Any CPU
		{038C3A55-4B90-46B4-8617-68760BCE0C88}.Debug|Any CPU.Build.0 = Debug|Any CPU
		{038C3A55-4B90-46B4-8617-68760BCE0C88}.Release|Any CPU.ActiveCfg = Release|Any CPU
		{038C3A55-4B90-46B4-8617-68760BCE0C88}.Release|Any CPU.Build.0 = Release|Any CPU
	EndGlobalSection
	GlobalSection(SolutionProperties) = preSolution
		HideSolutionNode = FALSE
	EndGlobalSection
	GlobalSection(ExtensibilityGlobals) = postSolution
		SolutionGuid = {99A39A0B-9480-430E-80B1-F04DA5AA52E4}
	EndGlobalSection
EndGlobal
