
Microsoft Visual Studio Solution File, Format Version 12.00
# Visual Studio 15
VisualStudioVersion = 15.0.28307.136
MinimumVisualStudioVersion = 10.0.40219.1
Project("{9A19103F-16F7-4668-BE54-9A1E7A4F7556}") = "TheApp", "TheApp\TheApp.csproj", "{D0A0FBF4-4F24-4052-ADB5-1214B024F2AA}"
EndProject
Project("{9A19103F-16F7-4668-BE54-9A1E7A4F7556}") = "MultiAuthority.AccessTokenValidation", "MultiAuthority.AccessTokenValidation\MultiAuthority.AccessTokenValidation.csproj", "{AA3A7792-F9DE-4FC6-8772-A6F532DFE025}"
EndProject
Project("{9A19103F-16F7-4668-BE54-9A1E7A4F7556}") = "IdentityModelExtras", "IdentityModelExtras\IdentityModelExtras.csproj", "{36CF6D4F-0814-4BA9-90B8-5EC743B9B7A1}"
EndProject
Project("{9A19103F-16F7-4668-BE54-9A1E7A4F7556}") = "CustomerLoyalyStore.GraphQL", "CustomerLoyalyStore.GraphQL\CustomerLoyalyStore.GraphQL.csproj", "{416B973A-E61A-48D5-A6B5-D9242FCCFAEB}"
EndProject
Project("{9A19103F-16F7-4668-BE54-9A1E7A4F7556}") = "CustomerLoyaltyStore", "CustomerLoyaltyStore\CustomerLoyaltyStore.csproj", "{CBA449A9-0844-4B0E-B6C4-1F1692ADF992}"
EndProject
Project("{9A19103F-16F7-4668-BE54-9A1E7A4F7556}") = "IdentityTokenExchange.GraphQL", "IdentityTokenExchange.GraphQL\IdentityTokenExchange.GraphQL.csproj", "{C6DD148A-C8BD-4342-B288-0620EE1B2AA1}"
EndProject
Project("{2150E333-8FDC-42A3-9474-1A3956D46DE8}") = "Solution Items", "Solution Items", "{04D1C14D-65A8-41E4-8914-13631F9D1F32}"
	ProjectSection(SolutionItems) = preProject
		..\appveyor.yml = ..\appveyor.yml
		nuget.config = nuget.config
	EndProjectSection
EndProject
Project("{9A19103F-16F7-4668-BE54-9A1E7A4F7556}") = "P7Core.GraphQLCore.Controllers", "P7Core.GraphQLCore.Controllers\P7Core.GraphQLCore.Controllers.csproj", "{B9DB516C-B08B-4BC6-8325-43AE0F5F119C}"
EndProject
Project("{9A19103F-16F7-4668-BE54-9A1E7A4F7556}") = "P7Core.GraphQLCore", "P7Core.GraphQLCore\P7Core.GraphQLCore.csproj", "{7DDB2DDD-515F-4297-AD81-BAA16A1A700E}"
EndProject
Project("{9A19103F-16F7-4668-BE54-9A1E7A4F7556}") = "Orders", "example-orders\Orders\Orders.csproj", "{10778785-3385-4CED-9B5E-59329D90F16E}"
EndProject
Project("{2150E333-8FDC-42A3-9474-1A3956D46DE8}") = "Burners", "Burners", "{4E85988C-332F-4B14-9351-EC78E99D218D}"
EndProject
Project("{9A19103F-16F7-4668-BE54-9A1E7A4F7556}") = "P7Core.BurnerGraphQL", "P7Core.BurnerGraphQL\P7Core.BurnerGraphQL.csproj", "{5F507953-2B02-4D08-A838-777FCADF5676}"
EndProject
Project("{9A19103F-16F7-4668-BE54-9A1E7A4F7556}") = "P7Core.BurnerGraphQL2", "P7Core.BurnerGraphQL2\P7Core.BurnerGraphQL2.csproj", "{19124FA1-70C0-4A7F-ADCE-8326A965642E}"
EndProject
Project("{9A19103F-16F7-4668-BE54-9A1E7A4F7556}") = "Utils", "Utils\Utils.csproj", "{68AA526D-9EF2-4203-A66F-D032628AB721}"
EndProject
Project("{FAE04EC0-301F-11D3-BF4B-00C04F79EFBC}") = "OIDC.ReferenceWebClient", "OIDC.ReferenceWebClient\OIDC.ReferenceWebClient.csproj", "{F875CD2D-6E97-47C5-A47A-AC5EB0B9E565}"
EndProject
Project("{2150E333-8FDC-42A3-9474-1A3956D46DE8}") = ".vs", ".vs", "{A6FC84DC-8DD3-4FF2-BE11-9CC102843669}"
EndProject
Project("{2150E333-8FDC-42A3-9474-1A3956D46DE8}") = "config", "config", "{180DCCE7-3110-4BB1-AA51-F826BFDCB5A9}"
	ProjectSection(SolutionItems) = preProject
		.vs\config\applicationhost.config = .vs\config\applicationhost.config
	EndProjectSection
EndProject
Project("{2150E333-8FDC-42A3-9474-1A3956D46DE8}") = "WebClients", "WebClients", "{E3C57EC4-986E-4743-8286-A5187042C0D9}"
EndProject
Project("{FAE04EC0-301F-11D3-BF4B-00C04F79EFBC}") = "Identity.Contrib.InMemoryStore", "Identity.Contrib.InMemoryStore\Identity.Contrib.InMemoryStore.csproj", "{FB99C6DF-460F-4E3E-99B1-54D5CB50E538}"
EndProject
Project("{FAE04EC0-301F-11D3-BF4B-00C04F79EFBC}") = "P7Core.Microsoft.AspNetCore.Authentication.OpenIdConnect", "P7Core.Microsoft.AspNetCore.Authentication.OpenIdConnect\P7Core.Microsoft.AspNetCore.Authentication.OpenIdConnect.csproj", "{281AB5DB-B236-4177-BF70-EA891BC3537E}"
EndProject
Global
	GlobalSection(SolutionConfigurationPlatforms) = preSolution
		Debug|Any CPU = Debug|Any CPU
		Release|Any CPU = Release|Any CPU
	EndGlobalSection
	GlobalSection(ProjectConfigurationPlatforms) = postSolution
		{D0A0FBF4-4F24-4052-ADB5-1214B024F2AA}.Debug|Any CPU.ActiveCfg = Debug|Any CPU
		{D0A0FBF4-4F24-4052-ADB5-1214B024F2AA}.Debug|Any CPU.Build.0 = Debug|Any CPU
		{D0A0FBF4-4F24-4052-ADB5-1214B024F2AA}.Release|Any CPU.ActiveCfg = Release|Any CPU
		{D0A0FBF4-4F24-4052-ADB5-1214B024F2AA}.Release|Any CPU.Build.0 = Release|Any CPU
		{AA3A7792-F9DE-4FC6-8772-A6F532DFE025}.Debug|Any CPU.ActiveCfg = Debug|Any CPU
		{AA3A7792-F9DE-4FC6-8772-A6F532DFE025}.Debug|Any CPU.Build.0 = Debug|Any CPU
		{AA3A7792-F9DE-4FC6-8772-A6F532DFE025}.Release|Any CPU.ActiveCfg = Release|Any CPU
		{AA3A7792-F9DE-4FC6-8772-A6F532DFE025}.Release|Any CPU.Build.0 = Release|Any CPU
		{36CF6D4F-0814-4BA9-90B8-5EC743B9B7A1}.Debug|Any CPU.ActiveCfg = Debug|Any CPU
		{36CF6D4F-0814-4BA9-90B8-5EC743B9B7A1}.Debug|Any CPU.Build.0 = Debug|Any CPU
		{36CF6D4F-0814-4BA9-90B8-5EC743B9B7A1}.Release|Any CPU.ActiveCfg = Release|Any CPU
		{36CF6D4F-0814-4BA9-90B8-5EC743B9B7A1}.Release|Any CPU.Build.0 = Release|Any CPU
		{416B973A-E61A-48D5-A6B5-D9242FCCFAEB}.Debug|Any CPU.ActiveCfg = Debug|Any CPU
		{416B973A-E61A-48D5-A6B5-D9242FCCFAEB}.Debug|Any CPU.Build.0 = Debug|Any CPU
		{416B973A-E61A-48D5-A6B5-D9242FCCFAEB}.Release|Any CPU.ActiveCfg = Release|Any CPU
		{416B973A-E61A-48D5-A6B5-D9242FCCFAEB}.Release|Any CPU.Build.0 = Release|Any CPU
		{CBA449A9-0844-4B0E-B6C4-1F1692ADF992}.Debug|Any CPU.ActiveCfg = Debug|Any CPU
		{CBA449A9-0844-4B0E-B6C4-1F1692ADF992}.Debug|Any CPU.Build.0 = Debug|Any CPU
		{CBA449A9-0844-4B0E-B6C4-1F1692ADF992}.Release|Any CPU.ActiveCfg = Release|Any CPU
		{CBA449A9-0844-4B0E-B6C4-1F1692ADF992}.Release|Any CPU.Build.0 = Release|Any CPU
		{C6DD148A-C8BD-4342-B288-0620EE1B2AA1}.Debug|Any CPU.ActiveCfg = Debug|Any CPU
		{C6DD148A-C8BD-4342-B288-0620EE1B2AA1}.Debug|Any CPU.Build.0 = Debug|Any CPU
		{C6DD148A-C8BD-4342-B288-0620EE1B2AA1}.Release|Any CPU.ActiveCfg = Release|Any CPU
		{C6DD148A-C8BD-4342-B288-0620EE1B2AA1}.Release|Any CPU.Build.0 = Release|Any CPU
		{B9DB516C-B08B-4BC6-8325-43AE0F5F119C}.Debug|Any CPU.ActiveCfg = Debug|Any CPU
		{B9DB516C-B08B-4BC6-8325-43AE0F5F119C}.Debug|Any CPU.Build.0 = Debug|Any CPU
		{B9DB516C-B08B-4BC6-8325-43AE0F5F119C}.Release|Any CPU.ActiveCfg = Release|Any CPU
		{B9DB516C-B08B-4BC6-8325-43AE0F5F119C}.Release|Any CPU.Build.0 = Release|Any CPU
		{7DDB2DDD-515F-4297-AD81-BAA16A1A700E}.Debug|Any CPU.ActiveCfg = Debug|Any CPU
		{7DDB2DDD-515F-4297-AD81-BAA16A1A700E}.Debug|Any CPU.Build.0 = Debug|Any CPU
		{7DDB2DDD-515F-4297-AD81-BAA16A1A700E}.Release|Any CPU.ActiveCfg = Release|Any CPU
		{7DDB2DDD-515F-4297-AD81-BAA16A1A700E}.Release|Any CPU.Build.0 = Release|Any CPU
		{10778785-3385-4CED-9B5E-59329D90F16E}.Debug|Any CPU.ActiveCfg = Debug|Any CPU
		{10778785-3385-4CED-9B5E-59329D90F16E}.Debug|Any CPU.Build.0 = Debug|Any CPU
		{10778785-3385-4CED-9B5E-59329D90F16E}.Release|Any CPU.ActiveCfg = Release|Any CPU
		{10778785-3385-4CED-9B5E-59329D90F16E}.Release|Any CPU.Build.0 = Release|Any CPU
		{5F507953-2B02-4D08-A838-777FCADF5676}.Debug|Any CPU.ActiveCfg = Debug|Any CPU
		{5F507953-2B02-4D08-A838-777FCADF5676}.Debug|Any CPU.Build.0 = Debug|Any CPU
		{5F507953-2B02-4D08-A838-777FCADF5676}.Release|Any CPU.ActiveCfg = Release|Any CPU
		{5F507953-2B02-4D08-A838-777FCADF5676}.Release|Any CPU.Build.0 = Release|Any CPU
		{19124FA1-70C0-4A7F-ADCE-8326A965642E}.Debug|Any CPU.ActiveCfg = Debug|Any CPU
		{19124FA1-70C0-4A7F-ADCE-8326A965642E}.Debug|Any CPU.Build.0 = Debug|Any CPU
		{19124FA1-70C0-4A7F-ADCE-8326A965642E}.Release|Any CPU.ActiveCfg = Release|Any CPU
		{19124FA1-70C0-4A7F-ADCE-8326A965642E}.Release|Any CPU.Build.0 = Release|Any CPU
		{68AA526D-9EF2-4203-A66F-D032628AB721}.Debug|Any CPU.ActiveCfg = Debug|Any CPU
		{68AA526D-9EF2-4203-A66F-D032628AB721}.Debug|Any CPU.Build.0 = Debug|Any CPU
		{68AA526D-9EF2-4203-A66F-D032628AB721}.Release|Any CPU.ActiveCfg = Release|Any CPU
		{68AA526D-9EF2-4203-A66F-D032628AB721}.Release|Any CPU.Build.0 = Release|Any CPU
		{F875CD2D-6E97-47C5-A47A-AC5EB0B9E565}.Debug|Any CPU.ActiveCfg = Debug|Any CPU
		{F875CD2D-6E97-47C5-A47A-AC5EB0B9E565}.Debug|Any CPU.Build.0 = Debug|Any CPU
		{F875CD2D-6E97-47C5-A47A-AC5EB0B9E565}.Release|Any CPU.ActiveCfg = Release|Any CPU
		{F875CD2D-6E97-47C5-A47A-AC5EB0B9E565}.Release|Any CPU.Build.0 = Release|Any CPU
		{FB99C6DF-460F-4E3E-99B1-54D5CB50E538}.Debug|Any CPU.ActiveCfg = Debug|Any CPU
		{FB99C6DF-460F-4E3E-99B1-54D5CB50E538}.Debug|Any CPU.Build.0 = Debug|Any CPU
		{FB99C6DF-460F-4E3E-99B1-54D5CB50E538}.Release|Any CPU.ActiveCfg = Release|Any CPU
		{FB99C6DF-460F-4E3E-99B1-54D5CB50E538}.Release|Any CPU.Build.0 = Release|Any CPU
		{281AB5DB-B236-4177-BF70-EA891BC3537E}.Debug|Any CPU.ActiveCfg = Debug|Any CPU
		{281AB5DB-B236-4177-BF70-EA891BC3537E}.Debug|Any CPU.Build.0 = Debug|Any CPU
		{281AB5DB-B236-4177-BF70-EA891BC3537E}.Release|Any CPU.ActiveCfg = Release|Any CPU
		{281AB5DB-B236-4177-BF70-EA891BC3537E}.Release|Any CPU.Build.0 = Release|Any CPU
	EndGlobalSection
	GlobalSection(SolutionProperties) = preSolution
		HideSolutionNode = FALSE
	EndGlobalSection
	GlobalSection(NestedProjects) = preSolution
		{5F507953-2B02-4D08-A838-777FCADF5676} = {4E85988C-332F-4B14-9351-EC78E99D218D}
		{19124FA1-70C0-4A7F-ADCE-8326A965642E} = {4E85988C-332F-4B14-9351-EC78E99D218D}
		{F875CD2D-6E97-47C5-A47A-AC5EB0B9E565} = {E3C57EC4-986E-4743-8286-A5187042C0D9}
		{180DCCE7-3110-4BB1-AA51-F826BFDCB5A9} = {A6FC84DC-8DD3-4FF2-BE11-9CC102843669}
		{FB99C6DF-460F-4E3E-99B1-54D5CB50E538} = {E3C57EC4-986E-4743-8286-A5187042C0D9}
		{281AB5DB-B236-4177-BF70-EA891BC3537E} = {E3C57EC4-986E-4743-8286-A5187042C0D9}
	EndGlobalSection
	GlobalSection(ExtensibilityGlobals) = postSolution
		SolutionGuid = {99A39A0B-9480-430E-80B1-F04DA5AA52E4}
	EndGlobalSection
EndGlobal
